{
  "object": {
    "pins": [
      {
        "package": "SwifterRe",
        "repositoryURL": "https://github.com/pol-piella/swifter-re.git",
        "state": {
          "branch": null,
          "revision": "1d170580313e279bec442a0de40cd566269a6e1c",
          "version": "1.0.2"
        }
      }
    ]
  },
  "version": 1
}
