{
  "object": {
    "pins": [
      {
        "package": "SwifterRe",
        "repositoryURL": "https://github.com/pol-piella/swifter-re.git",
        "state": {
          "branch": null,
          "revision": "5f57f94f00a5cdf7210587f4fecc7b0a074b9510",
          "version": "1.0.0"
        }
      }
    ]
  },
  "version": 1
}
